
Microsoft Visual Studio Solution File, Format Version 12.00
# Visual Studio 2012
Project("{FAE04EC0-301F-11D3-BF4B-00C04F79EFBC}") = "CSF.MicroDi", "CSF.MicroDi\CSF.MicroDi.csproj", "{F7CE689A-C595-4EE0-A6BD-AF46D2D9F99C}"
EndProject
Project("{FAE04EC0-301F-11D3-BF4B-00C04F79EFBC}") = "CSF.MicroDi.Tests", "CSF.MicroDi.Tests\CSF.MicroDi.Tests.csproj", "{E3FC5629-E94F-4C34-A397-82F2258E8AF3}"
EndProject
Project("{FAE04EC0-301F-11D3-BF4B-00C04F79EFBC}") = "CSF.MicroDi.BoDiCompatibility", "CSF.MicroDi.BoDiCompatibility\CSF.MicroDi.BoDiCompatibility.csproj", "{5E23B329-5C3A-41D2-8156-CC5F04986454}"
EndProject
Project("{FAE04EC0-301F-11D3-BF4B-00C04F79EFBC}") = "CSF.MicroDi.BoDiCompatibility.IntegrationTests", "CSF.MicroDi.BoDiCompatibility.IntegrationTests\CSF.MicroDi.BoDiCompatibility.IntegrationTests.csproj", "{97CAB1CC-30E5-4ABE-9B36-669E9F5EA381}"
EndProject
Project("{2150E333-8FDC-42A3-9474-1A3956D46DE8}") = "License", "License", "{B9B2D8FD-B4D4-49D1-952D-5FFA9B2EF688}"
	ProjectSection(SolutionItems) = preProject
		LICENSE.txt = LICENSE.txt
		NOTICE.txt = NOTICE.txt
	EndProjectSection
EndProject
Project("{FAE04EC0-301F-11D3-BF4B-00C04F79EFBC}") = "CSF.MicroDi.BoDiCompatibility.Tests", "CSF.MicroDi.BoDiCompatibility.Tests\CSF.MicroDi.BoDiCompatibility.Tests.csproj", "{B21583EE-68F7-4E43-AFF4-743201A9A3FF}"
EndProject
Project("{2150E333-8FDC-42A3-9474-1A3956D46DE8}") = "tools", "tools", "{F6B9BC94-2827-452A-BB0B-C59E19256AF3}"
	ProjectSection(SolutionItems) = preProject
		tools\build.sh = tools\build.sh
		tools\install.sh = tools\install.sh
		tools\run-tests.sh = tools\run-tests.sh
	EndProjectSection
EndProject
Global
	GlobalSection(SolutionConfigurationPlatforms) = preSolution
		Debug|Any CPU = Debug|Any CPU
		Release|Any CPU = Release|Any CPU
	EndGlobalSection
	GlobalSection(ProjectConfigurationPlatforms) = postSolution
		{F7CE689A-C595-4EE0-A6BD-AF46D2D9F99C}.Debug|Any CPU.ActiveCfg = Debug|Any CPU
		{F7CE689A-C595-4EE0-A6BD-AF46D2D9F99C}.Debug|Any CPU.Build.0 = Debug|Any CPU
		{F7CE689A-C595-4EE0-A6BD-AF46D2D9F99C}.Release|Any CPU.ActiveCfg = Release|Any CPU
		{F7CE689A-C595-4EE0-A6BD-AF46D2D9F99C}.Release|Any CPU.Build.0 = Release|Any CPU
		{E3FC5629-E94F-4C34-A397-82F2258E8AF3}.Debug|Any CPU.ActiveCfg = Debug|Any CPU
		{E3FC5629-E94F-4C34-A397-82F2258E8AF3}.Debug|Any CPU.Build.0 = Debug|Any CPU
		{E3FC5629-E94F-4C34-A397-82F2258E8AF3}.Release|Any CPU.ActiveCfg = Release|Any CPU
		{E3FC5629-E94F-4C34-A397-82F2258E8AF3}.Release|Any CPU.Build.0 = Release|Any CPU
		{5E23B329-5C3A-41D2-8156-CC5F04986454}.Debug|Any CPU.ActiveCfg = Debug|Any CPU
		{5E23B329-5C3A-41D2-8156-CC5F04986454}.Debug|Any CPU.Build.0 = Debug|Any CPU
		{5E23B329-5C3A-41D2-8156-CC5F04986454}.Release|Any CPU.ActiveCfg = Release|Any CPU
		{5E23B329-5C3A-41D2-8156-CC5F04986454}.Release|Any CPU.Build.0 = Release|Any CPU
		{97CAB1CC-30E5-4ABE-9B36-669E9F5EA381}.Debug|Any CPU.ActiveCfg = Debug|Any CPU
		{97CAB1CC-30E5-4ABE-9B36-669E9F5EA381}.Debug|Any CPU.Build.0 = Debug|Any CPU
		{97CAB1CC-30E5-4ABE-9B36-669E9F5EA381}.Release|Any CPU.ActiveCfg = Release|Any CPU
		{97CAB1CC-30E5-4ABE-9B36-669E9F5EA381}.Release|Any CPU.Build.0 = Release|Any CPU
		{B21583EE-68F7-4E43-AFF4-743201A9A3FF}.Debug|Any CPU.ActiveCfg = Debug|Any CPU
		{B21583EE-68F7-4E43-AFF4-743201A9A3FF}.Debug|Any CPU.Build.0 = Debug|Any CPU
		{B21583EE-68F7-4E43-AFF4-743201A9A3FF}.Release|Any CPU.ActiveCfg = Release|Any CPU
		{B21583EE-68F7-4E43-AFF4-743201A9A3FF}.Release|Any CPU.Build.0 = Release|Any CPU
	EndGlobalSection
	GlobalSection(MonoDevelopProperties) = preSolution
		Policies = $0
		$0.StandardHeader = $1
		$1.Text = @\n   ${FileName}\n\n   Copyright ${Year}  ${CopyrightHolder}\n\n   Licensed under the Apache License, Version 2.0 (the "License");\n   you may not use this file except in compliance with the License.\n   You may obtain a copy of the License at\n\n       http://www.apache.org/licenses/LICENSE-2.0\n\n   Unless required by applicable law or agreed to in writing, software\n   distributed under the License is distributed on an "AS IS" BASIS,\n   WITHOUT WARRANTIES OR CONDITIONS OF ANY KIND, either express or implied.\n   See the License for the specific language governing permissions and\n   limitations under the License.\n\n   For further copyright info, including a complete author/contributor\n   list, please refer to the file NOTICE.txt
		$1.IncludeInNewFiles = True
		version = 0.2.0
	EndGlobalSection
EndGlobal
